
Microsoft Visual Studio Solution File, Format Version 12.00
Project("{FAE04EC0-301F-11D3-BF4B-00C04F79EFBC}") = "ConfeccionesAlba_Api", "src\ConfeccionesAlba_Api\ConfeccionesAlba_Api.csproj", "{03072AFC-A222-400B-AA72-BC8A073D8942}"
EndProject
Global
	GlobalSection(SolutionConfigurationPlatforms) = preSolution
		Debug|Any CPU = Debug|Any CPU
		Release|Any CPU = Release|Any CPU
	EndGlobalSection
	GlobalSection(ProjectConfigurationPlatforms) = postSolution
		{03072AFC-A222-400B-AA72-BC8A073D8942}.Debug|Any CPU.ActiveCfg = Debug|Any CPU
		{03072AFC-A222-400B-AA72-BC8A073D8942}.Debug|Any CPU.Build.0 = Debug|Any CPU
		{03072AFC-A222-400B-AA72-BC8A073D8942}.Release|Any CPU.ActiveCfg = Release|Any CPU
		{03072AFC-A222-400B-AA72-BC8A073D8942}.Release|Any CPU.Build.0 = Release|Any CPU
	EndGlobalSection
EndGlobal
